
Microsoft Visual Studio Solution File, Format Version 12.00
# Visual Studio Version 16
VisualStudioVersion = 16.0.32106.194
MinimumVisualStudioVersion = 10.0.40219.1
Project("{FAE04EC0-301F-11D3-BF4B-00C04F79EFBC}") = "Lab01", "Lab01\Lab01.csproj", "{A83AAD02-3CF5-4DDA-9273-2B551502A2CC}"
EndProject
Global
	GlobalSection(SolutionConfigurationPlatforms) = preSolution
		Debug|Any CPU = Debug|Any CPU
		Release|Any CPU = Release|Any CPU
	EndGlobalSection
	GlobalSection(ProjectConfigurationPlatforms) = postSolution
		{A83AAD02-3CF5-4DDA-9273-2B551502A2CC}.Debug|Any CPU.ActiveCfg = Debug|Any CPU
		{A83AAD02-3CF5-4DDA-9273-2B551502A2CC}.Debug|Any CPU.Build.0 = Debug|Any CPU
		{A83AAD02-3CF5-4DDA-9273-2B551502A2CC}.Release|Any CPU.ActiveCfg = Release|Any CPU
		{A83AAD02-3CF5-4DDA-9273-2B551502A2CC}.Release|Any CPU.Build.0 = Release|Any CPU
	EndGlobalSection
	GlobalSection(SolutionProperties) = preSolution
		HideSolutionNode = FALSE
	EndGlobalSection
	GlobalSection(ExtensibilityGlobals) = postSolution
		SolutionGuid = {0E261F73-2B14-4A88-8FC7-7E7BEF1063AF}
	EndGlobalSection
EndGlobal
